github.com/codegangsta/inject v0.0.0-20150114235600-33e0aa1cb7c0 h1:sDMmm+q/3+BukdIpxwO365v/Rbspp2Nt5XntgQRXq8Q=
github.com/codegangsta/inject v0.0.0-20150114235600-33e0aa1cb7c0/go.mod h1:4Zcjuz89kmFXt9morQgcfYZAYZ5n8WHjt81YYWIwtTM=
github.com/davecgh/go-spew v1.1.1 h1:vj9j/u1bqnvCEfJOwUhtlOARqs3+rkHYY13jYWTU97c=
github.com/davecgh/go-spew v1.1.1/go.mod h1:J7Y8YcW2NihsgmVo/mv3lAwl/skON4iLHjSsI+c5H38=
github.com/go-martini/martini v0.0.0-20170121215854-22fa46961aab h1:xveKWz2iaueeTaUgdetzel+U7exyigDYBryyVfV/rZk=
github.com/go-martini/martini v0.0.0-20170121215854-22fa46961aab/go.mod h1:/P9AEU963A2AYjv4d1V5eVL1CQbEJq6aCNHDDjibzu8=
github.com/go-test/deep v1.0.4 h1:u2CU3YKy9I2pmu9pX0eq50wCgjfGIt539SqR7FbHiho=
github.com/go-test/deep v1.0.4/go.mod h1:wGDj63lr65AM2AQyKZd/NYHGb0R+1RLqB8NKt3aSFNA=
github.com/gorilla/websocket v1.4.2 h1:+/TMaTYc4QFitKJxsQ7Yye35DkWvkdLcvGKqM+x0Ufc=
github.com/gorilla/websocket v1.4.2/go.mod h1:YR8l580nyteQvAITg2hZ9XVh4b55+EU/adAjf1fMHhE=
github.com/martini-contrib/binding v0.0.0-20160701174519-05d3e151b6cf h1:6YSkbjZVghliN7zwJC/U3QQG+OVXOrij3qQ8sxfPIMg=
github.com/martini-contrib/binding v0.0.0-20160701174519-05d3e151b6cf/go.mod h1:aCggxkm1kuifLw/LEQUbz91N1ZM6PhV7dz03xPQduZA=
github.com/pkg/errors v0.8.0 h1:WdK/asTD0HN+q6hsWO3/vpuAkAr+tw6aNJNDFFf0+qw=
github.com/pkg/errors v0.8.0/go.mod h1:bwawxfHBFNV+L2hUp1rHADufV3IMtnDRdf1r5NINEl0=
github.com/pmezard/go-difflib v1.0.0 h1:4DBwDE0NGyQoBHbLQYPwSUPoCMWR5BEzIk/f1lZbAQM=
github.com/pmezard/go-difflib v1.0.0/go.mod h1:iKH77koFhYxTK1pcRnkKkqfTogsbg7gZNVY4sRDYZ/4=
github.com/slack-go/slack v0.10.1 h1:BGbxa0kMsGEvLOEoZmYs8T1wWfoZXwmQFBb6FgYCXUA=
github.com/slack-go/slack v0.10.1/go.mod h1:wWL//kk0ho+FcQXcBTmEafUI5dz4qz5f4mMk8oIkioQ=
github.com/stretchr/testify v1.2.2 h1:bSDNvY7ZPG5RlJ8otE/7V6gMiyenm9RtJ7IUVIAoJ1w=
github.com/stretchr/testify v1.2.2/go.mod h1:a8OnRcib4nhh0OaRAV+Yts87kKdq0PP7pXfy6kDkUVs=
